
Microsoft Visual Studio Solution File, Format Version 12.00
# Visual Studio Version 17
VisualStudioVersion = 17.3.32825.248
MinimumVisualStudioVersion = 10.0.40219.1
Project("{9A19103F-16F7-4668-BE54-9A1E7A4F7556}") = "Backend", "Backend.csproj", "{F50F31CB-9230-4CCC-8BEF-D110C126DF39}"
EndProject
Global
	GlobalSection(SolutionConfigurationPlatforms) = preSolution
		Debug|Any CPU = Debug|Any CPU
		Release|Any CPU = Release|Any CPU
	EndGlobalSection
	GlobalSection(ProjectConfigurationPlatforms) = postSolution
		{F50F31CB-9230-4CCC-8BEF-D110C126DF39}.Debug|Any CPU.ActiveCfg = Debug|Any CPU
		{F50F31CB-9230-4CCC-8BEF-D110C126DF39}.Debug|Any CPU.Build.0 = Debug|Any CPU
		{F50F31CB-9230-4CCC-8BEF-D110C126DF39}.Release|Any CPU.ActiveCfg = Release|Any CPU
		{F50F31CB-9230-4CCC-8BEF-D110C126DF39}.Release|Any CPU.Build.0 = Release|Any CPU
	EndGlobalSection
	GlobalSection(SolutionProperties) = preSolution
		HideSolutionNode = FALSE
	EndGlobalSection
	GlobalSection(ExtensibilityGlobals) = postSolution
		SolutionGuid = {3FE5FF92-DF5E-4544-B432-0CFBA798AF4A}
	EndGlobalSection
EndGlobal
